
Microsoft Visual Studio Solution File, Format Version 12.00
# Visual Studio 15
VisualStudioVersion = 15.0.27703.2026
MinimumVisualStudioVersion = 10.0.40219.1
Project("{9A19103F-16F7-4668-BE54-9A1E7A4F7556}") = "PythonScriptingEngine", "PythonScriptingEngine\PythonScriptingEngine.csproj", "{5E055F63-EBA8-4183-8CD2-22AD451392D7}"
EndProject
Project("{FAE04EC0-301F-11D3-BF4B-00C04F79EFBC}") = "TestApp", "TestApp\TestApp.csproj", "{4374DE51-1CC8-4678-8536-0FB8DDCAE79A}"
EndProject
Project("{9A19103F-16F7-4668-BE54-9A1E7A4F7556}") = "ScriptingEngine", "ScriptingEngine\ScriptingEngine.csproj", "{ABFAA4E9-8BE2-4C41-8145-23A8FAA2D301}"
EndProject
Global
	GlobalSection(SolutionConfigurationPlatforms) = preSolution
		Debug|Any CPU = Debug|Any CPU
		Release|Any CPU = Release|Any CPU
	EndGlobalSection
	GlobalSection(ProjectConfigurationPlatforms) = postSolution
		{5E055F63-EBA8-4183-8CD2-22AD451392D7}.Debug|Any CPU.ActiveCfg = Debug|Any CPU
		{5E055F63-EBA8-4183-8CD2-22AD451392D7}.Debug|Any CPU.Build.0 = Debug|Any CPU
		{5E055F63-EBA8-4183-8CD2-22AD451392D7}.Release|Any CPU.ActiveCfg = Release|Any CPU
		{5E055F63-EBA8-4183-8CD2-22AD451392D7}.Release|Any CPU.Build.0 = Release|Any CPU
		{4374DE51-1CC8-4678-8536-0FB8DDCAE79A}.Debug|Any CPU.ActiveCfg = Debug|Any CPU
		{4374DE51-1CC8-4678-8536-0FB8DDCAE79A}.Debug|Any CPU.Build.0 = Debug|Any CPU
		{4374DE51-1CC8-4678-8536-0FB8DDCAE79A}.Release|Any CPU.ActiveCfg = Release|Any CPU
		{4374DE51-1CC8-4678-8536-0FB8DDCAE79A}.Release|Any CPU.Build.0 = Release|Any CPU
		{ABFAA4E9-8BE2-4C41-8145-23A8FAA2D301}.Debug|Any CPU.ActiveCfg = Debug|Any CPU
		{ABFAA4E9-8BE2-4C41-8145-23A8FAA2D301}.Debug|Any CPU.Build.0 = Debug|Any CPU
		{ABFAA4E9-8BE2-4C41-8145-23A8FAA2D301}.Release|Any CPU.ActiveCfg = Release|Any CPU
		{ABFAA4E9-8BE2-4C41-8145-23A8FAA2D301}.Release|Any CPU.Build.0 = Release|Any CPU
	EndGlobalSection
	GlobalSection(SolutionProperties) = preSolution
		HideSolutionNode = FALSE
	EndGlobalSection
	GlobalSection(ExtensibilityGlobals) = postSolution
		SolutionGuid = {19C8010C-3C53-42FE-BB83-66ABE040BF68}
	EndGlobalSection
EndGlobal
